
Microsoft Visual Studio Solution File, Format Version 12.00
# Visual Studio Version 17
VisualStudioVersion = 17.5.33516.290
MinimumVisualStudioVersion = 10.0.40219.1
Project("{FAE04EC0-301F-11D3-BF4B-00C04F79EFBC}") = "PingExample", "PingExample\PingExample.csproj", "{CA086EF4-011F-46AA-AB18-9B2E72149CB8}"
EndProject
Project("{FAE04EC0-301F-11D3-BF4B-00C04F79EFBC}") = "SerialCommunicationExample", "SerialCommunicationExample\SerialCommunicationExample.csproj", "{4117F226-7AB7-4291-A23D-0FF71B044344}"
EndProject
Project("{FAE04EC0-301F-11D3-BF4B-00C04F79EFBC}") = "MidiCommunication", "MidiCommunication\MidiCommunication.csproj", "{8BFBDB1D-88A7-4855-8EB5-6ECAAB18BAF4}"
EndProject
Project("{FAE04EC0-301F-11D3-BF4B-00C04F79EFBC}") = "MidiScanInputDevices", "MidiScanDevices\MidiScanInputDevices.csproj", "{3D0D5078-6FEE-4D27-9DD0-FFDCA4CD3460}"
EndProject
Project("{FAE04EC0-301F-11D3-BF4B-00C04F79EFBC}") = "MidiScanOutputDevices", "MidiScanOutputDevices\MidiScanOutputDevices.csproj", "{AA315C42-1FFB-4E61-B451-16268FCF0DB9}"
EndProject
Project("{9A19103F-16F7-4668-BE54-9A1E7A4F7556}") = "EventHandlingExample", "EventHandlingExample\EventHandlingExample.csproj", "{CDD33125-8B2C-4350-9CAA-2DC252659001}"
EndProject
Project("{9A19103F-16F7-4668-BE54-9A1E7A4F7556}") = "EventHandlingExampleWithClasses", "EventHandlingExampleWithClasses\EventHandlingExampleWithClasses.csproj", "{126703D3-7A94-4FCE-BF60-A3E224F1088C}"
EndProject
Project("{9A19103F-16F7-4668-BE54-9A1E7A4F7556}") = "CppWrapperClass", "CppWrapperClass\CppWrapperClass.csproj", "{59D6DBFF-E7F3-455F-A13C-BA0ABDD6910B}"
EndProject
Project("{8BC9CEB8-8B4A-11D0-8D11-00A0C91BC942}") = "MyWrapperClass", "MyWrapperClass\MyWrapperClass.vcxproj", "{23A7236F-1CB5-41C0-97FD-03D3FC32E173}"
EndProject
Project("{9A19103F-16F7-4668-BE54-9A1E7A4F7556}") = "ChatAsyncServer_Single", "ChatAsyncServer_Single\ChatAsyncServer_Single.csproj", "{0CACDE65-2836-4214-8A36-B31492CF5F4F}"
EndProject
Project("{9A19103F-16F7-4668-BE54-9A1E7A4F7556}") = "ChatAsyncClient_Single", "ChatAsyncClient_Single\ChatAsyncClient_Single.csproj", "{1D85A960-77CC-4AD6-AF76-2A876C630921}"
EndProject
Project("{9A19103F-16F7-4668-BE54-9A1E7A4F7556}") = "ChatAsyncServer_Multiple", "ChatAsyncServer_Multiple\ChatAsyncServer_Multiple.csproj", "{CAEDD82D-783B-4580-BE4C-BEC14CCA33F7}"
EndProject
Project("{9A19103F-16F7-4668-BE54-9A1E7A4F7556}") = "ChatAsyncClient_Multiple", "ChatAsyncClient_Multiple\ChatAsyncClient_Multiple.csproj", "{7F753AB9-91AB-4006-9572-CA568B188358}"
EndProject
Project("{9A19103F-16F7-4668-BE54-9A1E7A4F7556}") = "ScanningPort80", "ScanningPort80\ScanningPort80.csproj", "{E5C4CAE5-D314-4EAE-A6C5-2294418EB567}"
EndProject
Project("{9A19103F-16F7-4668-BE54-9A1E7A4F7556}") = "IPsScanner", "IPsScanner\IPsScanner.csproj", "{DF3BCF59-1294-4154-983C-9F39C7D3618F}"
EndProject
Project("{9A19103F-16F7-4668-BE54-9A1E7A4F7556}") = "SimplePortScanner_Web", "SimplePortScanner_Web\SimplePortScanner_Web.csproj", "{99FEE266-AD66-4056-9F05-07D0BF89D3CE}"
EndProject
Project("{9A19103F-16F7-4668-BE54-9A1E7A4F7556}") = "NetworkUDP_BroadcastReceiver", "NetworkUDP_BroadcastReceiver\NetworkUDP_BroadcastReceiver.csproj", "{0910ECDE-3469-45F2-8B72-C05A2DAE49A7}"
EndProject
Project("{9A19103F-16F7-4668-BE54-9A1E7A4F7556}") = "NetworkUDP_BroadcastSender", "NetworkUDP_BroadcastSender\NetworkUDP_BroadcastSender.csproj", "{1E5B4F1B-321A-43FB-AD71-F4BBF1DA4A99}"
EndProject
Project("{9A19103F-16F7-4668-BE54-9A1E7A4F7556}") = "Maestro", "Maestro\Maestro.csproj", "{6BA32655-6680-4A04-8451-0F548B7FE544}"
EndProject
Project("{9A19103F-16F7-4668-BE54-9A1E7A4F7556}") = "LibraryNetworkCommunication", "LibraryNetworkCommunication\LibraryNetworkCommunication.csproj", "{A880F7DF-350C-401A-8B41-9202B81A42CB}"
EndProject
Project("{9A19103F-16F7-4668-BE54-9A1E7A4F7556}") = "LibraryCommandProcessor", "LibraryCommandProcessor\LibraryCommandProcessor.csproj", "{B2A46174-9CD0-453F-870A-40256D41B134}"
EndProject
Project("{9A19103F-16F7-4668-BE54-9A1E7A4F7556}") = "LibraryConsoleInterface", "LibraryConsoleInterface\LibraryConsoleInterface.csproj", "{D178A5DF-22BE-45B1-BDE2-2F09E6037D66}"
EndProject
Project("{2150E333-8FDC-42A3-9474-1A3956D46DE8}") = "CppCodeTesting", "CppCodeTesting", "{5FD56334-ECA1-45FE-9A59-0720052299E3}"
EndProject
Project("{8BC9CEB8-8B4A-11D0-8D11-00A0C91BC942}") = "SizeFixedDictionary", "SizeFixedDictionary\SizeFixedDictionary.vcxproj", "{9088BD42-8BBC-4DA2-9435-5AA80CDDEE50}"
EndProject
Project("{2150E333-8FDC-42A3-9474-1A3956D46DE8}") = "ChatAsync", "ChatAsync", "{54A9C33C-7BC3-438E-8B3D-BE1E0BBCD64C}"
EndProject
Project("{2150E333-8FDC-42A3-9474-1A3956D46DE8}") = "ArduinoCode", "ArduinoCode", "{6A1F46E6-F9B4-4D84-84DA-C9011D0D8BC0}"
EndProject
Project("{8BC9CEB8-8B4A-11D0-8D11-00A0C91BC942}") = "PlayerDevice", "PlayerDevice\PlayerDevice.vcxproj", "{90E31530-A143-43B7-8231-00AC86CDEA87}"
EndProject
Project("{2150E333-8FDC-42A3-9474-1A3956D46DE8}") = "DraftCode", "DraftCode", "{561C56C1-03A5-4D7F-A9FB-3DE80BC7A6D7}"
	ProjectSection(SolutionItems) = preProject
		NetworkCodeFragments.cpp = NetworkCodeFragments.cpp
		UDPCommunication.cpp = UDPCommunication.cpp
		UDPCommunication.h = UDPCommunication.h
		udp_client_versions.cpp = udp_client_versions.cpp
		udp_client_versions.h = udp_client_versions.h
	EndProjectSection
EndProject
Project("{8BC9CEB8-8B4A-11D0-8D11-00A0C91BC942}") = "NetworkStackoverflowUDP", "NetworkStackoverflowUDP\NetworkStackoverflowUDP.vcxproj", "{7A1E23FE-4862-417B-85B8-282EBABD2959}"
EndProject
Project("{8BC9CEB8-8B4A-11D0-8D11-00A0C91BC942}") = "NetworkReceiveUDP_ChatGPT", "NetworkReceiveUDP_ChatGPT\NetworkReceiveUDP_ChatGPT.vcxproj", "{1E0F1467-B0CF-4320-A486-8CA6FC7661E0}"
EndProject
Project("{8BC9CEB8-8B4A-11D0-8D11-00A0C91BC942}") = "NetworkSendUDP_ChatGPT", "NetworkSendUDP_ChatGPT\NetworkSendUDP_ChatGPT.vcxproj", "{7C4F25FD-70C5-42C6-96AE-0C00D8C54B9F}"
EndProject
Project("{8BC9CEB8-8B4A-11D0-8D11-00A0C91BC942}") = "TEST", "TEST\TEST.vcxproj", "{F4B34855-E373-4DBE-AF1B-4474FFE269E4}"
EndProject
Project("{2150E333-8FDC-42A3-9474-1A3956D46DE8}") = "VS2022", "VS2022", "{F2DE2215-59A4-4311-8FBA-5F1E092548D0}"
EndProject
Project("{2150E333-8FDC-42A3-9474-1A3956D46DE8}") = "OutdatedFramework", "OutdatedFramework", "{CA67B524-90C2-4DBF-A2C0-26731B15A5AA}"
EndProject
Project("{8BC9CEB8-8B4A-11D0-8D11-00A0C91BC942}") = "NetworkSendUDP", "NetworkSendUDP\NetworkSendUDP.vcxproj", "{B0ABA77C-92CB-4616-A869-208CA67F0300}"
EndProject
Project("{8BC9CEB8-8B4A-11D0-8D11-00A0C91BC942}") = "NetworkReceiveUDP", "NetworkReceiveUDP\NetworkReceiveUDP.vcxproj", "{E4627CD7-37C7-48E3-8797-5260A394D9A5}"
EndProject
Project("{2150E333-8FDC-42A3-9474-1A3956D46DE8}") = "CsFramworkOutdated", "CsFramworkOutdated", "{D9FA0CA2-448D-4BFC-AE7F-4E2C6DF81344}"
EndProject
Project("{8BC9CEB8-8B4A-11D0-8D11-00A0C91BC942}") = "HelloWorld", "HelloWorld\HelloWorld.vcxproj", "{20969390-4CC9-47FB-9B9A-6261B91B2D71}"
EndProject
Project("{8BC9CEB8-8B4A-11D0-8D11-00A0C91BC942}") = "GenericMap", "GenericMap\GenericMap.vcxproj", "{9F96C1FC-74DA-45CC-A0FC-1FBD47DD0A9C}"
EndProject
Project("{2150E333-8FDC-42A3-9474-1A3956D46DE8}") = "Maestro", "Maestro", "{E1A6BECF-ACE7-4015-91E3-F9E9E5BBD09C}"
EndProject
Project("{2150E333-8FDC-42A3-9474-1A3956D46DE8}") = "MaestroCpp", "MaestroCpp", "{FCE68130-34E4-4BC1-BED7-C6692A88FBB3}"
EndProject
Project("{8BC9CEB8-8B4A-11D0-8D11-00A0C91BC942}") = "MaestroCpp", "MaestroCpp\MaestroCpp.vcxproj", "{7D353777-E13A-474F-9818-0BC355A4321D}"
EndProject
Project("{8BC9CEB8-8B4A-11D0-8D11-00A0C91BC942}") = "ArduinoResources", "ArduinoResources\ArduinoResources.vcxproj", "{F332E7E9-92A6-4D4A-9E97-9F5223FA447B}"
EndProject
Project("{8BC9CEB8-8B4A-11D0-8D11-00A0C91BC942}") = "ErrorCodes", "ErrorCodes\ErrorCodes.vcxproj", "{4F98ED09-90EF-4DF5-BA3E-8B273651A2D9}"
EndProject
Project("{8BC9CEB8-8B4A-11D0-8D11-00A0C91BC942}") = "ObserverPattern", "ObserverPattern\ObserverPattern.vcxproj", "{86AACF8D-2DC2-443A-863F-92D17BCB8F95}"
EndProject
Project("{8BC9CEB8-8B4A-11D0-8D11-00A0C91BC942}") = "ObserverPattern_Generic", "ObserverPattern_Generic\ObserverPattern_Generic.vcxproj", "{94986CC1-B371-4E94-8CC0-BDDF1BE3ECBA}"
EndProject
Project("{8BC9CEB8-8B4A-11D0-8D11-00A0C91BC942}") = "GenericList", "GenericList\GenericList.vcxproj", "{99A38FFE-F873-4E5C-835A-19A4A30A134E}"
EndProject
Project("{8BC9CEB8-8B4A-11D0-8D11-00A0C91BC942}") = "HexaStringConverter", "HexaStringConverter\HexaStringConverter.vcxproj", "{7A6D2DCE-F900-4CD9-A94C-7CC394BB01EE}"
EndProject
Project("{8BC9CEB8-8B4A-11D0-8D11-00A0C91BC942}") = "CharToNumber", "CharToNumber\CharToNumber.vcxproj", "{99D73022-082D-4488-AC7B-09A4031E028F}"
EndProject
Project("{8BC9CEB8-8B4A-11D0-8D11-00A0C91BC942}") = "IteratorPattern", "IteratorPattern\IteratorPattern.vcxproj", "{345D3EEE-8BA2-4D7C-AF1A-20F7F20DFE7E}"
EndProject
Project("{8BC9CEB8-8B4A-11D0-8D11-00A0C91BC942}") = "IteratorPattern_Arduino", "IteratorPattern_Arduino\IteratorPattern_Arduino.vcxproj", "{6087D5AA-C8AB-4014-BEEF-4CFEB1215649}"
EndProject
Global
	GlobalSection(SolutionConfigurationPlatforms) = preSolution
		Debug|Any CPU = Debug|Any CPU
		Debug|x64 = Debug|x64
		Debug|x86 = Debug|x86
		Release|Any CPU = Release|Any CPU
		Release|x64 = Release|x64
		Release|x86 = Release|x86
	EndGlobalSection
	GlobalSection(ProjectConfigurationPlatforms) = postSolution
		{CA086EF4-011F-46AA-AB18-9B2E72149CB8}.Debug|Any CPU.ActiveCfg = Debug|Any CPU
		{CA086EF4-011F-46AA-AB18-9B2E72149CB8}.Debug|Any CPU.Build.0 = Debug|Any CPU
		{CA086EF4-011F-46AA-AB18-9B2E72149CB8}.Debug|x64.ActiveCfg = Debug|Any CPU
		{CA086EF4-011F-46AA-AB18-9B2E72149CB8}.Debug|x64.Build.0 = Debug|Any CPU
		{CA086EF4-011F-46AA-AB18-9B2E72149CB8}.Debug|x86.ActiveCfg = Debug|Any CPU
		{CA086EF4-011F-46AA-AB18-9B2E72149CB8}.Debug|x86.Build.0 = Debug|Any CPU
		{CA086EF4-011F-46AA-AB18-9B2E72149CB8}.Release|Any CPU.ActiveCfg = Release|Any CPU
		{CA086EF4-011F-46AA-AB18-9B2E72149CB8}.Release|Any CPU.Build.0 = Release|Any CPU
		{CA086EF4-011F-46AA-AB18-9B2E72149CB8}.Release|x64.ActiveCfg = Release|Any CPU
		{CA086EF4-011F-46AA-AB18-9B2E72149CB8}.Release|x64.Build.0 = Release|Any CPU
		{CA086EF4-011F-46AA-AB18-9B2E72149CB8}.Release|x86.ActiveCfg = Release|Any CPU
		{CA086EF4-011F-46AA-AB18-9B2E72149CB8}.Release|x86.Build.0 = Release|Any CPU
		{4117F226-7AB7-4291-A23D-0FF71B044344}.Debug|Any CPU.ActiveCfg = Debug|Any CPU
		{4117F226-7AB7-4291-A23D-0FF71B044344}.Debug|Any CPU.Build.0 = Debug|Any CPU
		{4117F226-7AB7-4291-A23D-0FF71B044344}.Debug|x64.ActiveCfg = Debug|Any CPU
		{4117F226-7AB7-4291-A23D-0FF71B044344}.Debug|x64.Build.0 = Debug|Any CPU
		{4117F226-7AB7-4291-A23D-0FF71B044344}.Debug|x86.ActiveCfg = Debug|Any CPU
		{4117F226-7AB7-4291-A23D-0FF71B044344}.Debug|x86.Build.0 = Debug|Any CPU
		{4117F226-7AB7-4291-A23D-0FF71B044344}.Release|Any CPU.ActiveCfg = Release|Any CPU
		{4117F226-7AB7-4291-A23D-0FF71B044344}.Release|Any CPU.Build.0 = Release|Any CPU
		{4117F226-7AB7-4291-A23D-0FF71B044344}.Release|x64.ActiveCfg = Release|Any CPU
		{4117F226-7AB7-4291-A23D-0FF71B044344}.Release|x64.Build.0 = Release|Any CPU
		{4117F226-7AB7-4291-A23D-0FF71B044344}.Release|x86.ActiveCfg = Release|Any CPU
		{4117F226-7AB7-4291-A23D-0FF71B044344}.Release|x86.Build.0 = Release|Any CPU
		{8BFBDB1D-88A7-4855-8EB5-6ECAAB18BAF4}.Debug|Any CPU.ActiveCfg = Debug|Any CPU
		{8BFBDB1D-88A7-4855-8EB5-6ECAAB18BAF4}.Debug|Any CPU.Build.0 = Debug|Any CPU
		{8BFBDB1D-88A7-4855-8EB5-6ECAAB18BAF4}.Debug|x64.ActiveCfg = Debug|Any CPU
		{8BFBDB1D-88A7-4855-8EB5-6ECAAB18BAF4}.Debug|x64.Build.0 = Debug|Any CPU
		{8BFBDB1D-88A7-4855-8EB5-6ECAAB18BAF4}.Debug|x86.ActiveCfg = Debug|Any CPU
		{8BFBDB1D-88A7-4855-8EB5-6ECAAB18BAF4}.Debug|x86.Build.0 = Debug|Any CPU
		{8BFBDB1D-88A7-4855-8EB5-6ECAAB18BAF4}.Release|Any CPU.ActiveCfg = Release|Any CPU
		{8BFBDB1D-88A7-4855-8EB5-6ECAAB18BAF4}.Release|Any CPU.Build.0 = Release|Any CPU
		{8BFBDB1D-88A7-4855-8EB5-6ECAAB18BAF4}.Release|x64.ActiveCfg = Release|Any CPU
		{8BFBDB1D-88A7-4855-8EB5-6ECAAB18BAF4}.Release|x64.Build.0 = Release|Any CPU
		{8BFBDB1D-88A7-4855-8EB5-6ECAAB18BAF4}.Release|x86.ActiveCfg = Release|Any CPU
		{8BFBDB1D-88A7-4855-8EB5-6ECAAB18BAF4}.Release|x86.Build.0 = Release|Any CPU
		{3D0D5078-6FEE-4D27-9DD0-FFDCA4CD3460}.Debug|Any CPU.ActiveCfg = Debug|Any CPU
		{3D0D5078-6FEE-4D27-9DD0-FFDCA4CD3460}.Debug|Any CPU.Build.0 = Debug|Any CPU
		{3D0D5078-6FEE-4D27-9DD0-FFDCA4CD3460}.Debug|x64.ActiveCfg = Debug|Any CPU
		{3D0D5078-6FEE-4D27-9DD0-FFDCA4CD3460}.Debug|x64.Build.0 = Debug|Any CPU
		{3D0D5078-6FEE-4D27-9DD0-FFDCA4CD3460}.Debug|x86.ActiveCfg = Debug|Any CPU
		{3D0D5078-6FEE-4D27-9DD0-FFDCA4CD3460}.Debug|x86.Build.0 = Debug|Any CPU
		{3D0D5078-6FEE-4D27-9DD0-FFDCA4CD3460}.Release|Any CPU.ActiveCfg = Release|Any CPU
		{3D0D5078-6FEE-4D27-9DD0-FFDCA4CD3460}.Release|Any CPU.Build.0 = Release|Any CPU
		{3D0D5078-6FEE-4D27-9DD0-FFDCA4CD3460}.Release|x64.ActiveCfg = Release|Any CPU
		{3D0D5078-6FEE-4D27-9DD0-FFDCA4CD3460}.Release|x64.Build.0 = Release|Any CPU
		{3D0D5078-6FEE-4D27-9DD0-FFDCA4CD3460}.Release|x86.ActiveCfg = Release|Any CPU
		{3D0D5078-6FEE-4D27-9DD0-FFDCA4CD3460}.Release|x86.Build.0 = Release|Any CPU
		{AA315C42-1FFB-4E61-B451-16268FCF0DB9}.Debug|Any CPU.ActiveCfg = Debug|Any CPU
		{AA315C42-1FFB-4E61-B451-16268FCF0DB9}.Debug|Any CPU.Build.0 = Debug|Any CPU
		{AA315C42-1FFB-4E61-B451-16268FCF0DB9}.Debug|x64.ActiveCfg = Debug|Any CPU
		{AA315C42-1FFB-4E61-B451-16268FCF0DB9}.Debug|x64.Build.0 = Debug|Any CPU
		{AA315C42-1FFB-4E61-B451-16268FCF0DB9}.Debug|x86.ActiveCfg = Debug|Any CPU
		{AA315C42-1FFB-4E61-B451-16268FCF0DB9}.Debug|x86.Build.0 = Debug|Any CPU
		{AA315C42-1FFB-4E61-B451-16268FCF0DB9}.Release|Any CPU.ActiveCfg = Release|Any CPU
		{AA315C42-1FFB-4E61-B451-16268FCF0DB9}.Release|Any CPU.Build.0 = Release|Any CPU
		{AA315C42-1FFB-4E61-B451-16268FCF0DB9}.Release|x64.ActiveCfg = Release|Any CPU
		{AA315C42-1FFB-4E61-B451-16268FCF0DB9}.Release|x64.Build.0 = Release|Any CPU
		{AA315C42-1FFB-4E61-B451-16268FCF0DB9}.Release|x86.ActiveCfg = Release|Any CPU
		{AA315C42-1FFB-4E61-B451-16268FCF0DB9}.Release|x86.Build.0 = Release|Any CPU
		{CDD33125-8B2C-4350-9CAA-2DC252659001}.Debug|Any CPU.ActiveCfg = Debug|Any CPU
		{CDD33125-8B2C-4350-9CAA-2DC252659001}.Debug|Any CPU.Build.0 = Debug|Any CPU
		{CDD33125-8B2C-4350-9CAA-2DC252659001}.Debug|x64.ActiveCfg = Debug|Any CPU
		{CDD33125-8B2C-4350-9CAA-2DC252659001}.Debug|x64.Build.0 = Debug|Any CPU
		{CDD33125-8B2C-4350-9CAA-2DC252659001}.Debug|x86.ActiveCfg = Debug|Any CPU
		{CDD33125-8B2C-4350-9CAA-2DC252659001}.Debug|x86.Build.0 = Debug|Any CPU
		{CDD33125-8B2C-4350-9CAA-2DC252659001}.Release|Any CPU.ActiveCfg = Release|Any CPU
		{CDD33125-8B2C-4350-9CAA-2DC252659001}.Release|Any CPU.Build.0 = Release|Any CPU
		{CDD33125-8B2C-4350-9CAA-2DC252659001}.Release|x64.ActiveCfg = Release|Any CPU
		{CDD33125-8B2C-4350-9CAA-2DC252659001}.Release|x64.Build.0 = Release|Any CPU
		{CDD33125-8B2C-4350-9CAA-2DC252659001}.Release|x86.ActiveCfg = Release|Any CPU
		{CDD33125-8B2C-4350-9CAA-2DC252659001}.Release|x86.Build.0 = Release|Any CPU
		{126703D3-7A94-4FCE-BF60-A3E224F1088C}.Debug|Any CPU.ActiveCfg = Debug|Any CPU
		{126703D3-7A94-4FCE-BF60-A3E224F1088C}.Debug|Any CPU.Build.0 = Debug|Any CPU
		{126703D3-7A94-4FCE-BF60-A3E224F1088C}.Debug|x64.ActiveCfg = Debug|Any CPU
		{126703D3-7A94-4FCE-BF60-A3E224F1088C}.Debug|x64.Build.0 = Debug|Any CPU
		{126703D3-7A94-4FCE-BF60-A3E224F1088C}.Debug|x86.ActiveCfg = Debug|Any CPU
		{126703D3-7A94-4FCE-BF60-A3E224F1088C}.Debug|x86.Build.0 = Debug|Any CPU
		{126703D3-7A94-4FCE-BF60-A3E224F1088C}.Release|Any CPU.ActiveCfg = Release|Any CPU
		{126703D3-7A94-4FCE-BF60-A3E224F1088C}.Release|Any CPU.Build.0 = Release|Any CPU
		{126703D3-7A94-4FCE-BF60-A3E224F1088C}.Release|x64.ActiveCfg = Release|Any CPU
		{126703D3-7A94-4FCE-BF60-A3E224F1088C}.Release|x64.Build.0 = Release|Any CPU
		{126703D3-7A94-4FCE-BF60-A3E224F1088C}.Release|x86.ActiveCfg = Release|Any CPU
		{126703D3-7A94-4FCE-BF60-A3E224F1088C}.Release|x86.Build.0 = Release|Any CPU
		{59D6DBFF-E7F3-455F-A13C-BA0ABDD6910B}.Debug|Any CPU.ActiveCfg = Debug|Any CPU
		{59D6DBFF-E7F3-455F-A13C-BA0ABDD6910B}.Debug|Any CPU.Build.0 = Debug|Any CPU
		{59D6DBFF-E7F3-455F-A13C-BA0ABDD6910B}.Debug|x64.ActiveCfg = Debug|Any CPU
		{59D6DBFF-E7F3-455F-A13C-BA0ABDD6910B}.Debug|x64.Build.0 = Debug|Any CPU
		{59D6DBFF-E7F3-455F-A13C-BA0ABDD6910B}.Debug|x86.ActiveCfg = Debug|Any CPU
		{59D6DBFF-E7F3-455F-A13C-BA0ABDD6910B}.Debug|x86.Build.0 = Debug|Any CPU
		{59D6DBFF-E7F3-455F-A13C-BA0ABDD6910B}.Release|Any CPU.ActiveCfg = Release|Any CPU
		{59D6DBFF-E7F3-455F-A13C-BA0ABDD6910B}.Release|Any CPU.Build.0 = Release|Any CPU
		{59D6DBFF-E7F3-455F-A13C-BA0ABDD6910B}.Release|x64.ActiveCfg = Release|Any CPU
		{59D6DBFF-E7F3-455F-A13C-BA0ABDD6910B}.Release|x64.Build.0 = Release|Any CPU
		{59D6DBFF-E7F3-455F-A13C-BA0ABDD6910B}.Release|x86.ActiveCfg = Release|Any CPU
		{59D6DBFF-E7F3-455F-A13C-BA0ABDD6910B}.Release|x86.Build.0 = Release|Any CPU
		{23A7236F-1CB5-41C0-97FD-03D3FC32E173}.Debug|Any CPU.ActiveCfg = Debug|Win32
		{23A7236F-1CB5-41C0-97FD-03D3FC32E173}.Debug|x64.ActiveCfg = Debug|x64
		{23A7236F-1CB5-41C0-97FD-03D3FC32E173}.Debug|x64.Build.0 = Debug|x64
		{23A7236F-1CB5-41C0-97FD-03D3FC32E173}.Debug|x86.ActiveCfg = Debug|Win32
		{23A7236F-1CB5-41C0-97FD-03D3FC32E173}.Debug|x86.Build.0 = Debug|Win32
		{23A7236F-1CB5-41C0-97FD-03D3FC32E173}.Release|Any CPU.ActiveCfg = Release|Win32
		{23A7236F-1CB5-41C0-97FD-03D3FC32E173}.Release|x64.ActiveCfg = Release|x64
		{23A7236F-1CB5-41C0-97FD-03D3FC32E173}.Release|x64.Build.0 = Release|x64
		{23A7236F-1CB5-41C0-97FD-03D3FC32E173}.Release|x86.ActiveCfg = Release|Win32
		{23A7236F-1CB5-41C0-97FD-03D3FC32E173}.Release|x86.Build.0 = Release|Win32
		{0CACDE65-2836-4214-8A36-B31492CF5F4F}.Debug|Any CPU.ActiveCfg = Debug|Any CPU
		{0CACDE65-2836-4214-8A36-B31492CF5F4F}.Debug|Any CPU.Build.0 = Debug|Any CPU
		{0CACDE65-2836-4214-8A36-B31492CF5F4F}.Debug|x64.ActiveCfg = Debug|Any CPU
		{0CACDE65-2836-4214-8A36-B31492CF5F4F}.Debug|x64.Build.0 = Debug|Any CPU
		{0CACDE65-2836-4214-8A36-B31492CF5F4F}.Debug|x86.ActiveCfg = Debug|Any CPU
		{0CACDE65-2836-4214-8A36-B31492CF5F4F}.Debug|x86.Build.0 = Debug|Any CPU
		{0CACDE65-2836-4214-8A36-B31492CF5F4F}.Release|Any CPU.ActiveCfg = Release|Any CPU
		{0CACDE65-2836-4214-8A36-B31492CF5F4F}.Release|Any CPU.Build.0 = Release|Any CPU
		{0CACDE65-2836-4214-8A36-B31492CF5F4F}.Release|x64.ActiveCfg = Release|Any CPU
		{0CACDE65-2836-4214-8A36-B31492CF5F4F}.Release|x64.Build.0 = Release|Any CPU
		{0CACDE65-2836-4214-8A36-B31492CF5F4F}.Release|x86.ActiveCfg = Release|Any CPU
		{0CACDE65-2836-4214-8A36-B31492CF5F4F}.Release|x86.Build.0 = Release|Any CPU
		{1D85A960-77CC-4AD6-AF76-2A876C630921}.Debug|Any CPU.ActiveCfg = Debug|Any CPU
		{1D85A960-77CC-4AD6-AF76-2A876C630921}.Debug|Any CPU.Build.0 = Debug|Any CPU
		{1D85A960-77CC-4AD6-AF76-2A876C630921}.Debug|x64.ActiveCfg = Debug|Any CPU
		{1D85A960-77CC-4AD6-AF76-2A876C630921}.Debug|x64.Build.0 = Debug|Any CPU
		{1D85A960-77CC-4AD6-AF76-2A876C630921}.Debug|x86.ActiveCfg = Debug|Any CPU
		{1D85A960-77CC-4AD6-AF76-2A876C630921}.Debug|x86.Build.0 = Debug|Any CPU
		{1D85A960-77CC-4AD6-AF76-2A876C630921}.Release|Any CPU.ActiveCfg = Release|Any CPU
		{1D85A960-77CC-4AD6-AF76-2A876C630921}.Release|Any CPU.Build.0 = Release|Any CPU
		{1D85A960-77CC-4AD6-AF76-2A876C630921}.Release|x64.ActiveCfg = Release|Any CPU
		{1D85A960-77CC-4AD6-AF76-2A876C630921}.Release|x64.Build.0 = Release|Any CPU
		{1D85A960-77CC-4AD6-AF76-2A876C630921}.Release|x86.ActiveCfg = Release|Any CPU
		{1D85A960-77CC-4AD6-AF76-2A876C630921}.Release|x86.Build.0 = Release|Any CPU
		{CAEDD82D-783B-4580-BE4C-BEC14CCA33F7}.Debug|Any CPU.ActiveCfg = Debug|Any CPU
		{CAEDD82D-783B-4580-BE4C-BEC14CCA33F7}.Debug|Any CPU.Build.0 = Debug|Any CPU
		{CAEDD82D-783B-4580-BE4C-BEC14CCA33F7}.Debug|x64.ActiveCfg = Debug|Any CPU
		{CAEDD82D-783B-4580-BE4C-BEC14CCA33F7}.Debug|x64.Build.0 = Debug|Any CPU
		{CAEDD82D-783B-4580-BE4C-BEC14CCA33F7}.Debug|x86.ActiveCfg = Debug|Any CPU
		{CAEDD82D-783B-4580-BE4C-BEC14CCA33F7}.Debug|x86.Build.0 = Debug|Any CPU
		{CAEDD82D-783B-4580-BE4C-BEC14CCA33F7}.Release|Any CPU.ActiveCfg = Release|Any CPU
		{CAEDD82D-783B-4580-BE4C-BEC14CCA33F7}.Release|Any CPU.Build.0 = Release|Any CPU
		{CAEDD82D-783B-4580-BE4C-BEC14CCA33F7}.Release|x64.ActiveCfg = Release|Any CPU
		{CAEDD82D-783B-4580-BE4C-BEC14CCA33F7}.Release|x64.Build.0 = Release|Any CPU
		{CAEDD82D-783B-4580-BE4C-BEC14CCA33F7}.Release|x86.ActiveCfg = Release|Any CPU
		{CAEDD82D-783B-4580-BE4C-BEC14CCA33F7}.Release|x86.Build.0 = Release|Any CPU
		{7F753AB9-91AB-4006-9572-CA568B188358}.Debug|Any CPU.ActiveCfg = Debug|Any CPU
		{7F753AB9-91AB-4006-9572-CA568B188358}.Debug|Any CPU.Build.0 = Debug|Any CPU
		{7F753AB9-91AB-4006-9572-CA568B188358}.Debug|x64.ActiveCfg = Debug|Any CPU
		{7F753AB9-91AB-4006-9572-CA568B188358}.Debug|x64.Build.0 = Debug|Any CPU
		{7F753AB9-91AB-4006-9572-CA568B188358}.Debug|x86.ActiveCfg = Debug|Any CPU
		{7F753AB9-91AB-4006-9572-CA568B188358}.Debug|x86.Build.0 = Debug|Any CPU
		{7F753AB9-91AB-4006-9572-CA568B188358}.Release|Any CPU.ActiveCfg = Release|Any CPU
		{7F753AB9-91AB-4006-9572-CA568B188358}.Release|Any CPU.Build.0 = Release|Any CPU
		{7F753AB9-91AB-4006-9572-CA568B188358}.Release|x64.ActiveCfg = Release|Any CPU
		{7F753AB9-91AB-4006-9572-CA568B188358}.Release|x64.Build.0 = Release|Any CPU
		{7F753AB9-91AB-4006-9572-CA568B188358}.Release|x86.ActiveCfg = Release|Any CPU
		{7F753AB9-91AB-4006-9572-CA568B188358}.Release|x86.Build.0 = Release|Any CPU
		{E5C4CAE5-D314-4EAE-A6C5-2294418EB567}.Debug|Any CPU.ActiveCfg = Debug|Any CPU
		{E5C4CAE5-D314-4EAE-A6C5-2294418EB567}.Debug|Any CPU.Build.0 = Debug|Any CPU
		{E5C4CAE5-D314-4EAE-A6C5-2294418EB567}.Debug|x64.ActiveCfg = Debug|Any CPU
		{E5C4CAE5-D314-4EAE-A6C5-2294418EB567}.Debug|x64.Build.0 = Debug|Any CPU
		{E5C4CAE5-D314-4EAE-A6C5-2294418EB567}.Debug|x86.ActiveCfg = Debug|Any CPU
		{E5C4CAE5-D314-4EAE-A6C5-2294418EB567}.Debug|x86.Build.0 = Debug|Any CPU
		{E5C4CAE5-D314-4EAE-A6C5-2294418EB567}.Release|Any CPU.ActiveCfg = Release|Any CPU
		{E5C4CAE5-D314-4EAE-A6C5-2294418EB567}.Release|Any CPU.Build.0 = Release|Any CPU
		{E5C4CAE5-D314-4EAE-A6C5-2294418EB567}.Release|x64.ActiveCfg = Release|Any CPU
		{E5C4CAE5-D314-4EAE-A6C5-2294418EB567}.Release|x64.Build.0 = Release|Any CPU
		{E5C4CAE5-D314-4EAE-A6C5-2294418EB567}.Release|x86.ActiveCfg = Release|Any CPU
		{E5C4CAE5-D314-4EAE-A6C5-2294418EB567}.Release|x86.Build.0 = Release|Any CPU
		{DF3BCF59-1294-4154-983C-9F39C7D3618F}.Debug|Any CPU.ActiveCfg = Debug|Any CPU
		{DF3BCF59-1294-4154-983C-9F39C7D3618F}.Debug|Any CPU.Build.0 = Debug|Any CPU
		{DF3BCF59-1294-4154-983C-9F39C7D3618F}.Debug|x64.ActiveCfg = Debug|Any CPU
		{DF3BCF59-1294-4154-983C-9F39C7D3618F}.Debug|x64.Build.0 = Debug|Any CPU
		{DF3BCF59-1294-4154-983C-9F39C7D3618F}.Debug|x86.ActiveCfg = Debug|Any CPU
		{DF3BCF59-1294-4154-983C-9F39C7D3618F}.Debug|x86.Build.0 = Debug|Any CPU
		{DF3BCF59-1294-4154-983C-9F39C7D3618F}.Release|Any CPU.ActiveCfg = Release|Any CPU
		{DF3BCF59-1294-4154-983C-9F39C7D3618F}.Release|Any CPU.Build.0 = Release|Any CPU
		{DF3BCF59-1294-4154-983C-9F39C7D3618F}.Release|x64.ActiveCfg = Release|Any CPU
		{DF3BCF59-1294-4154-983C-9F39C7D3618F}.Release|x64.Build.0 = Release|Any CPU
		{DF3BCF59-1294-4154-983C-9F39C7D3618F}.Release|x86.ActiveCfg = Release|Any CPU
		{DF3BCF59-1294-4154-983C-9F39C7D3618F}.Release|x86.Build.0 = Release|Any CPU
		{99FEE266-AD66-4056-9F05-07D0BF89D3CE}.Debug|Any CPU.ActiveCfg = Debug|Any CPU
		{99FEE266-AD66-4056-9F05-07D0BF89D3CE}.Debug|Any CPU.Build.0 = Debug|Any CPU
		{99FEE266-AD66-4056-9F05-07D0BF89D3CE}.Debug|x64.ActiveCfg = Debug|Any CPU
		{99FEE266-AD66-4056-9F05-07D0BF89D3CE}.Debug|x64.Build.0 = Debug|Any CPU
		{99FEE266-AD66-4056-9F05-07D0BF89D3CE}.Debug|x86.ActiveCfg = Debug|Any CPU
		{99FEE266-AD66-4056-9F05-07D0BF89D3CE}.Debug|x86.Build.0 = Debug|Any CPU
		{99FEE266-AD66-4056-9F05-07D0BF89D3CE}.Release|Any CPU.ActiveCfg = Release|Any CPU
		{99FEE266-AD66-4056-9F05-07D0BF89D3CE}.Release|Any CPU.Build.0 = Release|Any CPU
		{99FEE266-AD66-4056-9F05-07D0BF89D3CE}.Release|x64.ActiveCfg = Release|Any CPU
		{99FEE266-AD66-4056-9F05-07D0BF89D3CE}.Release|x64.Build.0 = Release|Any CPU
		{99FEE266-AD66-4056-9F05-07D0BF89D3CE}.Release|x86.ActiveCfg = Release|Any CPU
		{99FEE266-AD66-4056-9F05-07D0BF89D3CE}.Release|x86.Build.0 = Release|Any CPU
		{0910ECDE-3469-45F2-8B72-C05A2DAE49A7}.Debug|Any CPU.ActiveCfg = Debug|Any CPU
		{0910ECDE-3469-45F2-8B72-C05A2DAE49A7}.Debug|Any CPU.Build.0 = Debug|Any CPU
		{0910ECDE-3469-45F2-8B72-C05A2DAE49A7}.Debug|x64.ActiveCfg = Debug|Any CPU
		{0910ECDE-3469-45F2-8B72-C05A2DAE49A7}.Debug|x64.Build.0 = Debug|Any CPU
		{0910ECDE-3469-45F2-8B72-C05A2DAE49A7}.Debug|x86.ActiveCfg = Debug|Any CPU
		{0910ECDE-3469-45F2-8B72-C05A2DAE49A7}.Debug|x86.Build.0 = Debug|Any CPU
		{0910ECDE-3469-45F2-8B72-C05A2DAE49A7}.Release|Any CPU.ActiveCfg = Release|Any CPU
		{0910ECDE-3469-45F2-8B72-C05A2DAE49A7}.Release|Any CPU.Build.0 = Release|Any CPU
		{0910ECDE-3469-45F2-8B72-C05A2DAE49A7}.Release|x64.ActiveCfg = Release|Any CPU
		{0910ECDE-3469-45F2-8B72-C05A2DAE49A7}.Release|x64.Build.0 = Release|Any CPU
		{0910ECDE-3469-45F2-8B72-C05A2DAE49A7}.Release|x86.ActiveCfg = Release|Any CPU
		{0910ECDE-3469-45F2-8B72-C05A2DAE49A7}.Release|x86.Build.0 = Release|Any CPU
		{1E5B4F1B-321A-43FB-AD71-F4BBF1DA4A99}.Debug|Any CPU.ActiveCfg = Debug|Any CPU
		{1E5B4F1B-321A-43FB-AD71-F4BBF1DA4A99}.Debug|Any CPU.Build.0 = Debug|Any CPU
		{1E5B4F1B-321A-43FB-AD71-F4BBF1DA4A99}.Debug|x64.ActiveCfg = Debug|Any CPU
		{1E5B4F1B-321A-43FB-AD71-F4BBF1DA4A99}.Debug|x64.Build.0 = Debug|Any CPU
		{1E5B4F1B-321A-43FB-AD71-F4BBF1DA4A99}.Debug|x86.ActiveCfg = Debug|Any CPU
		{1E5B4F1B-321A-43FB-AD71-F4BBF1DA4A99}.Debug|x86.Build.0 = Debug|Any CPU
		{1E5B4F1B-321A-43FB-AD71-F4BBF1DA4A99}.Release|Any CPU.ActiveCfg = Release|Any CPU
		{1E5B4F1B-321A-43FB-AD71-F4BBF1DA4A99}.Release|Any CPU.Build.0 = Release|Any CPU
		{1E5B4F1B-321A-43FB-AD71-F4BBF1DA4A99}.Release|x64.ActiveCfg = Release|Any CPU
		{1E5B4F1B-321A-43FB-AD71-F4BBF1DA4A99}.Release|x64.Build.0 = Release|Any CPU
		{1E5B4F1B-321A-43FB-AD71-F4BBF1DA4A99}.Release|x86.ActiveCfg = Release|Any CPU
		{1E5B4F1B-321A-43FB-AD71-F4BBF1DA4A99}.Release|x86.Build.0 = Release|Any CPU
		{6BA32655-6680-4A04-8451-0F548B7FE544}.Debug|Any CPU.ActiveCfg = Debug|Any CPU
		{6BA32655-6680-4A04-8451-0F548B7FE544}.Debug|Any CPU.Build.0 = Debug|Any CPU
		{6BA32655-6680-4A04-8451-0F548B7FE544}.Debug|x64.ActiveCfg = Debug|Any CPU
		{6BA32655-6680-4A04-8451-0F548B7FE544}.Debug|x64.Build.0 = Debug|Any CPU
		{6BA32655-6680-4A04-8451-0F548B7FE544}.Debug|x86.ActiveCfg = Debug|Any CPU
		{6BA32655-6680-4A04-8451-0F548B7FE544}.Debug|x86.Build.0 = Debug|Any CPU
		{6BA32655-6680-4A04-8451-0F548B7FE544}.Release|Any CPU.ActiveCfg = Release|Any CPU
		{6BA32655-6680-4A04-8451-0F548B7FE544}.Release|Any CPU.Build.0 = Release|Any CPU
		{6BA32655-6680-4A04-8451-0F548B7FE544}.Release|x64.ActiveCfg = Release|Any CPU
		{6BA32655-6680-4A04-8451-0F548B7FE544}.Release|x64.Build.0 = Release|Any CPU
		{6BA32655-6680-4A04-8451-0F548B7FE544}.Release|x86.ActiveCfg = Release|Any CPU
		{6BA32655-6680-4A04-8451-0F548B7FE544}.Release|x86.Build.0 = Release|Any CPU
		{A880F7DF-350C-401A-8B41-9202B81A42CB}.Debug|Any CPU.ActiveCfg = Debug|Any CPU
		{A880F7DF-350C-401A-8B41-9202B81A42CB}.Debug|Any CPU.Build.0 = Debug|Any CPU
		{A880F7DF-350C-401A-8B41-9202B81A42CB}.Debug|x64.ActiveCfg = Debug|Any CPU
		{A880F7DF-350C-401A-8B41-9202B81A42CB}.Debug|x64.Build.0 = Debug|Any CPU
		{A880F7DF-350C-401A-8B41-9202B81A42CB}.Debug|x86.ActiveCfg = Debug|Any CPU
		{A880F7DF-350C-401A-8B41-9202B81A42CB}.Debug|x86.Build.0 = Debug|Any CPU
		{A880F7DF-350C-401A-8B41-9202B81A42CB}.Release|Any CPU.ActiveCfg = Release|Any CPU
		{A880F7DF-350C-401A-8B41-9202B81A42CB}.Release|Any CPU.Build.0 = Release|Any CPU
		{A880F7DF-350C-401A-8B41-9202B81A42CB}.Release|x64.ActiveCfg = Release|Any CPU
		{A880F7DF-350C-401A-8B41-9202B81A42CB}.Release|x64.Build.0 = Release|Any CPU
		{A880F7DF-350C-401A-8B41-9202B81A42CB}.Release|x86.ActiveCfg = Release|Any CPU
		{A880F7DF-350C-401A-8B41-9202B81A42CB}.Release|x86.Build.0 = Release|Any CPU
		{B2A46174-9CD0-453F-870A-40256D41B134}.Debug|Any CPU.ActiveCfg = Debug|Any CPU
		{B2A46174-9CD0-453F-870A-40256D41B134}.Debug|Any CPU.Build.0 = Debug|Any CPU
		{B2A46174-9CD0-453F-870A-40256D41B134}.Debug|x64.ActiveCfg = Debug|Any CPU
		{B2A46174-9CD0-453F-870A-40256D41B134}.Debug|x64.Build.0 = Debug|Any CPU
		{B2A46174-9CD0-453F-870A-40256D41B134}.Debug|x86.ActiveCfg = Debug|Any CPU
		{B2A46174-9CD0-453F-870A-40256D41B134}.Debug|x86.Build.0 = Debug|Any CPU
		{B2A46174-9CD0-453F-870A-40256D41B134}.Release|Any CPU.ActiveCfg = Release|Any CPU
		{B2A46174-9CD0-453F-870A-40256D41B134}.Release|Any CPU.Build.0 = Release|Any CPU
		{B2A46174-9CD0-453F-870A-40256D41B134}.Release|x64.ActiveCfg = Release|Any CPU
		{B2A46174-9CD0-453F-870A-40256D41B134}.Release|x64.Build.0 = Release|Any CPU
		{B2A46174-9CD0-453F-870A-40256D41B134}.Release|x86.ActiveCfg = Release|Any CPU
		{B2A46174-9CD0-453F-870A-40256D41B134}.Release|x86.Build.0 = Release|Any CPU
		{D178A5DF-22BE-45B1-BDE2-2F09E6037D66}.Debug|Any CPU.ActiveCfg = Debug|Any CPU
		{D178A5DF-22BE-45B1-BDE2-2F09E6037D66}.Debug|Any CPU.Build.0 = Debug|Any CPU
		{D178A5DF-22BE-45B1-BDE2-2F09E6037D66}.Debug|x64.ActiveCfg = Debug|Any CPU
		{D178A5DF-22BE-45B1-BDE2-2F09E6037D66}.Debug|x64.Build.0 = Debug|Any CPU
		{D178A5DF-22BE-45B1-BDE2-2F09E6037D66}.Debug|x86.ActiveCfg = Debug|Any CPU
		{D178A5DF-22BE-45B1-BDE2-2F09E6037D66}.Debug|x86.Build.0 = Debug|Any CPU
		{D178A5DF-22BE-45B1-BDE2-2F09E6037D66}.Release|Any CPU.ActiveCfg = Release|Any CPU
		{D178A5DF-22BE-45B1-BDE2-2F09E6037D66}.Release|Any CPU.Build.0 = Release|Any CPU
		{D178A5DF-22BE-45B1-BDE2-2F09E6037D66}.Release|x64.ActiveCfg = Release|Any CPU
		{D178A5DF-22BE-45B1-BDE2-2F09E6037D66}.Release|x64.Build.0 = Release|Any CPU
		{D178A5DF-22BE-45B1-BDE2-2F09E6037D66}.Release|x86.ActiveCfg = Release|Any CPU
		{D178A5DF-22BE-45B1-BDE2-2F09E6037D66}.Release|x86.Build.0 = Release|Any CPU
		{9088BD42-8BBC-4DA2-9435-5AA80CDDEE50}.Debug|Any CPU.ActiveCfg = Debug|Win32
		{9088BD42-8BBC-4DA2-9435-5AA80CDDEE50}.Debug|x64.ActiveCfg = Debug|x64
		{9088BD42-8BBC-4DA2-9435-5AA80CDDEE50}.Debug|x64.Build.0 = Debug|x64
		{9088BD42-8BBC-4DA2-9435-5AA80CDDEE50}.Debug|x86.ActiveCfg = Debug|Win32
		{9088BD42-8BBC-4DA2-9435-5AA80CDDEE50}.Debug|x86.Build.0 = Debug|Win32
		{9088BD42-8BBC-4DA2-9435-5AA80CDDEE50}.Release|Any CPU.ActiveCfg = Release|Win32
		{9088BD42-8BBC-4DA2-9435-5AA80CDDEE50}.Release|x64.ActiveCfg = Release|x64
		{9088BD42-8BBC-4DA2-9435-5AA80CDDEE50}.Release|x64.Build.0 = Release|x64
		{9088BD42-8BBC-4DA2-9435-5AA80CDDEE50}.Release|x86.ActiveCfg = Release|Win32
		{9088BD42-8BBC-4DA2-9435-5AA80CDDEE50}.Release|x86.Build.0 = Release|Win32
		{90E31530-A143-43B7-8231-00AC86CDEA87}.Debug|Any CPU.ActiveCfg = Debug|Win32
		{90E31530-A143-43B7-8231-00AC86CDEA87}.Debug|x64.ActiveCfg = Debug|x64
		{90E31530-A143-43B7-8231-00AC86CDEA87}.Debug|x64.Build.0 = Debug|x64
		{90E31530-A143-43B7-8231-00AC86CDEA87}.Debug|x86.ActiveCfg = Debug|Win32
		{90E31530-A143-43B7-8231-00AC86CDEA87}.Debug|x86.Build.0 = Debug|Win32
		{90E31530-A143-43B7-8231-00AC86CDEA87}.Release|Any CPU.ActiveCfg = Release|Win32
		{90E31530-A143-43B7-8231-00AC86CDEA87}.Release|x64.ActiveCfg = Release|x64
		{90E31530-A143-43B7-8231-00AC86CDEA87}.Release|x64.Build.0 = Release|x64
		{90E31530-A143-43B7-8231-00AC86CDEA87}.Release|x86.ActiveCfg = Release|Win32
		{90E31530-A143-43B7-8231-00AC86CDEA87}.Release|x86.Build.0 = Release|Win32
		{7A1E23FE-4862-417B-85B8-282EBABD2959}.Debug|Any CPU.ActiveCfg = Debug|Win32
		{7A1E23FE-4862-417B-85B8-282EBABD2959}.Debug|x64.ActiveCfg = Debug|x64
		{7A1E23FE-4862-417B-85B8-282EBABD2959}.Debug|x64.Build.0 = Debug|x64
		{7A1E23FE-4862-417B-85B8-282EBABD2959}.Debug|x86.ActiveCfg = Debug|Win32
		{7A1E23FE-4862-417B-85B8-282EBABD2959}.Debug|x86.Build.0 = Debug|Win32
		{7A1E23FE-4862-417B-85B8-282EBABD2959}.Release|Any CPU.ActiveCfg = Release|Win32
		{7A1E23FE-4862-417B-85B8-282EBABD2959}.Release|x64.ActiveCfg = Release|x64
		{7A1E23FE-4862-417B-85B8-282EBABD2959}.Release|x64.Build.0 = Release|x64
		{7A1E23FE-4862-417B-85B8-282EBABD2959}.Release|x86.ActiveCfg = Release|Win32
		{7A1E23FE-4862-417B-85B8-282EBABD2959}.Release|x86.Build.0 = Release|Win32
		{1E0F1467-B0CF-4320-A486-8CA6FC7661E0}.Debug|Any CPU.ActiveCfg = Debug|Win32
		{1E0F1467-B0CF-4320-A486-8CA6FC7661E0}.Debug|x64.ActiveCfg = Debug|x64
		{1E0F1467-B0CF-4320-A486-8CA6FC7661E0}.Debug|x64.Build.0 = Debug|x64
		{1E0F1467-B0CF-4320-A486-8CA6FC7661E0}.Debug|x86.ActiveCfg = Debug|Win32
		{1E0F1467-B0CF-4320-A486-8CA6FC7661E0}.Debug|x86.Build.0 = Debug|Win32
		{1E0F1467-B0CF-4320-A486-8CA6FC7661E0}.Release|Any CPU.ActiveCfg = Release|Win32
		{1E0F1467-B0CF-4320-A486-8CA6FC7661E0}.Release|x64.ActiveCfg = Release|x64
		{1E0F1467-B0CF-4320-A486-8CA6FC7661E0}.Release|x64.Build.0 = Release|x64
		{1E0F1467-B0CF-4320-A486-8CA6FC7661E0}.Release|x86.ActiveCfg = Release|Win32
		{1E0F1467-B0CF-4320-A486-8CA6FC7661E0}.Release|x86.Build.0 = Release|Win32
		{7C4F25FD-70C5-42C6-96AE-0C00D8C54B9F}.Debug|Any CPU.ActiveCfg = Debug|Win32
		{7C4F25FD-70C5-42C6-96AE-0C00D8C54B9F}.Debug|x64.ActiveCfg = Debug|x64
		{7C4F25FD-70C5-42C6-96AE-0C00D8C54B9F}.Debug|x64.Build.0 = Debug|x64
		{7C4F25FD-70C5-42C6-96AE-0C00D8C54B9F}.Debug|x86.ActiveCfg = Debug|Win32
		{7C4F25FD-70C5-42C6-96AE-0C00D8C54B9F}.Debug|x86.Build.0 = Debug|Win32
		{7C4F25FD-70C5-42C6-96AE-0C00D8C54B9F}.Release|Any CPU.ActiveCfg = Release|Win32
		{7C4F25FD-70C5-42C6-96AE-0C00D8C54B9F}.Release|x64.ActiveCfg = Release|x64
		{7C4F25FD-70C5-42C6-96AE-0C00D8C54B9F}.Release|x64.Build.0 = Release|x64
		{7C4F25FD-70C5-42C6-96AE-0C00D8C54B9F}.Release|x86.ActiveCfg = Release|Win32
		{7C4F25FD-70C5-42C6-96AE-0C00D8C54B9F}.Release|x86.Build.0 = Release|Win32
		{F4B34855-E373-4DBE-AF1B-4474FFE269E4}.Debug|Any CPU.ActiveCfg = Debug|x64
		{F4B34855-E373-4DBE-AF1B-4474FFE269E4}.Debug|Any CPU.Build.0 = Debug|x64
		{F4B34855-E373-4DBE-AF1B-4474FFE269E4}.Debug|x64.ActiveCfg = Debug|x64
		{F4B34855-E373-4DBE-AF1B-4474FFE269E4}.Debug|x64.Build.0 = Debug|x64
		{F4B34855-E373-4DBE-AF1B-4474FFE269E4}.Debug|x86.ActiveCfg = Debug|Win32
		{F4B34855-E373-4DBE-AF1B-4474FFE269E4}.Debug|x86.Build.0 = Debug|Win32
		{F4B34855-E373-4DBE-AF1B-4474FFE269E4}.Release|Any CPU.ActiveCfg = Release|x64
		{F4B34855-E373-4DBE-AF1B-4474FFE269E4}.Release|Any CPU.Build.0 = Release|x64
		{F4B34855-E373-4DBE-AF1B-4474FFE269E4}.Release|x64.ActiveCfg = Release|x64
		{F4B34855-E373-4DBE-AF1B-4474FFE269E4}.Release|x64.Build.0 = Release|x64
		{F4B34855-E373-4DBE-AF1B-4474FFE269E4}.Release|x86.ActiveCfg = Release|Win32
		{F4B34855-E373-4DBE-AF1B-4474FFE269E4}.Release|x86.Build.0 = Release|Win32
		{B0ABA77C-92CB-4616-A869-208CA67F0300}.Debug|Any CPU.ActiveCfg = Debug|x64
		{B0ABA77C-92CB-4616-A869-208CA67F0300}.Debug|Any CPU.Build.0 = Debug|x64
		{B0ABA77C-92CB-4616-A869-208CA67F0300}.Debug|x64.ActiveCfg = Debug|x64
		{B0ABA77C-92CB-4616-A869-208CA67F0300}.Debug|x64.Build.0 = Debug|x64
		{B0ABA77C-92CB-4616-A869-208CA67F0300}.Debug|x86.ActiveCfg = Debug|Win32
		{B0ABA77C-92CB-4616-A869-208CA67F0300}.Debug|x86.Build.0 = Debug|Win32
		{B0ABA77C-92CB-4616-A869-208CA67F0300}.Release|Any CPU.ActiveCfg = Release|x64
		{B0ABA77C-92CB-4616-A869-208CA67F0300}.Release|Any CPU.Build.0 = Release|x64
		{B0ABA77C-92CB-4616-A869-208CA67F0300}.Release|x64.ActiveCfg = Release|x64
		{B0ABA77C-92CB-4616-A869-208CA67F0300}.Release|x64.Build.0 = Release|x64
		{B0ABA77C-92CB-4616-A869-208CA67F0300}.Release|x86.ActiveCfg = Release|Win32
		{B0ABA77C-92CB-4616-A869-208CA67F0300}.Release|x86.Build.0 = Release|Win32
		{E4627CD7-37C7-48E3-8797-5260A394D9A5}.Debug|Any CPU.ActiveCfg = Debug|x64
		{E4627CD7-37C7-48E3-8797-5260A394D9A5}.Debug|Any CPU.Build.0 = Debug|x64
		{E4627CD7-37C7-48E3-8797-5260A394D9A5}.Debug|x64.ActiveCfg = Debug|x64
		{E4627CD7-37C7-48E3-8797-5260A394D9A5}.Debug|x64.Build.0 = Debug|x64
		{E4627CD7-37C7-48E3-8797-5260A394D9A5}.Debug|x86.ActiveCfg = Debug|Win32
		{E4627CD7-37C7-48E3-8797-5260A394D9A5}.Debug|x86.Build.0 = Debug|Win32
		{E4627CD7-37C7-48E3-8797-5260A394D9A5}.Release|Any CPU.ActiveCfg = Release|x64
		{E4627CD7-37C7-48E3-8797-5260A394D9A5}.Release|Any CPU.Build.0 = Release|x64
		{E4627CD7-37C7-48E3-8797-5260A394D9A5}.Release|x64.ActiveCfg = Release|x64
		{E4627CD7-37C7-48E3-8797-5260A394D9A5}.Release|x64.Build.0 = Release|x64
		{E4627CD7-37C7-48E3-8797-5260A394D9A5}.Release|x86.ActiveCfg = Release|Win32
		{E4627CD7-37C7-48E3-8797-5260A394D9A5}.Release|x86.Build.0 = Release|Win32
		{20969390-4CC9-47FB-9B9A-6261B91B2D71}.Debug|Any CPU.ActiveCfg = Debug|x64
		{20969390-4CC9-47FB-9B9A-6261B91B2D71}.Debug|Any CPU.Build.0 = Debug|x64
		{20969390-4CC9-47FB-9B9A-6261B91B2D71}.Debug|x64.ActiveCfg = Debug|x64
		{20969390-4CC9-47FB-9B9A-6261B91B2D71}.Debug|x64.Build.0 = Debug|x64
		{20969390-4CC9-47FB-9B9A-6261B91B2D71}.Debug|x86.ActiveCfg = Debug|Win32
		{20969390-4CC9-47FB-9B9A-6261B91B2D71}.Debug|x86.Build.0 = Debug|Win32
		{20969390-4CC9-47FB-9B9A-6261B91B2D71}.Release|Any CPU.ActiveCfg = Release|x64
		{20969390-4CC9-47FB-9B9A-6261B91B2D71}.Release|Any CPU.Build.0 = Release|x64
		{20969390-4CC9-47FB-9B9A-6261B91B2D71}.Release|x64.ActiveCfg = Release|x64
		{20969390-4CC9-47FB-9B9A-6261B91B2D71}.Release|x64.Build.0 = Release|x64
		{20969390-4CC9-47FB-9B9A-6261B91B2D71}.Release|x86.ActiveCfg = Release|Win32
		{20969390-4CC9-47FB-9B9A-6261B91B2D71}.Release|x86.Build.0 = Release|Win32
		{9F96C1FC-74DA-45CC-A0FC-1FBD47DD0A9C}.Debug|Any CPU.ActiveCfg = Debug|x64
		{9F96C1FC-74DA-45CC-A0FC-1FBD47DD0A9C}.Debug|Any CPU.Build.0 = Debug|x64
		{9F96C1FC-74DA-45CC-A0FC-1FBD47DD0A9C}.Debug|x64.ActiveCfg = Debug|x64
		{9F96C1FC-74DA-45CC-A0FC-1FBD47DD0A9C}.Debug|x64.Build.0 = Debug|x64
		{9F96C1FC-74DA-45CC-A0FC-1FBD47DD0A9C}.Debug|x86.ActiveCfg = Debug|Win32
		{9F96C1FC-74DA-45CC-A0FC-1FBD47DD0A9C}.Debug|x86.Build.0 = Debug|Win32
		{9F96C1FC-74DA-45CC-A0FC-1FBD47DD0A9C}.Release|Any CPU.ActiveCfg = Release|x64
		{9F96C1FC-74DA-45CC-A0FC-1FBD47DD0A9C}.Release|Any CPU.Build.0 = Release|x64
		{9F96C1FC-74DA-45CC-A0FC-1FBD47DD0A9C}.Release|x64.ActiveCfg = Release|x64
		{9F96C1FC-74DA-45CC-A0FC-1FBD47DD0A9C}.Release|x64.Build.0 = Release|x64
		{9F96C1FC-74DA-45CC-A0FC-1FBD47DD0A9C}.Release|x86.ActiveCfg = Release|Win32
		{9F96C1FC-74DA-45CC-A0FC-1FBD47DD0A9C}.Release|x86.Build.0 = Release|Win32
		{7D353777-E13A-474F-9818-0BC355A4321D}.Debug|Any CPU.ActiveCfg = Debug|x64
		{7D353777-E13A-474F-9818-0BC355A4321D}.Debug|Any CPU.Build.0 = Debug|x64
		{7D353777-E13A-474F-9818-0BC355A4321D}.Debug|x64.ActiveCfg = Debug|x64
		{7D353777-E13A-474F-9818-0BC355A4321D}.Debug|x64.Build.0 = Debug|x64
		{7D353777-E13A-474F-9818-0BC355A4321D}.Debug|x86.ActiveCfg = Debug|Win32
		{7D353777-E13A-474F-9818-0BC355A4321D}.Debug|x86.Build.0 = Debug|Win32
		{7D353777-E13A-474F-9818-0BC355A4321D}.Release|Any CPU.ActiveCfg = Release|x64
		{7D353777-E13A-474F-9818-0BC355A4321D}.Release|Any CPU.Build.0 = Release|x64
		{7D353777-E13A-474F-9818-0BC355A4321D}.Release|x64.ActiveCfg = Release|x64
		{7D353777-E13A-474F-9818-0BC355A4321D}.Release|x64.Build.0 = Release|x64
		{7D353777-E13A-474F-9818-0BC355A4321D}.Release|x86.ActiveCfg = Release|Win32
		{7D353777-E13A-474F-9818-0BC355A4321D}.Release|x86.Build.0 = Release|Win32
		{F332E7E9-92A6-4D4A-9E97-9F5223FA447B}.Debug|Any CPU.ActiveCfg = Debug|x64
		{F332E7E9-92A6-4D4A-9E97-9F5223FA447B}.Debug|Any CPU.Build.0 = Debug|x64
		{F332E7E9-92A6-4D4A-9E97-9F5223FA447B}.Debug|x64.ActiveCfg = Debug|x64
		{F332E7E9-92A6-4D4A-9E97-9F5223FA447B}.Debug|x64.Build.0 = Debug|x64
		{F332E7E9-92A6-4D4A-9E97-9F5223FA447B}.Debug|x86.ActiveCfg = Debug|Win32
		{F332E7E9-92A6-4D4A-9E97-9F5223FA447B}.Debug|x86.Build.0 = Debug|Win32
		{F332E7E9-92A6-4D4A-9E97-9F5223FA447B}.Release|Any CPU.ActiveCfg = Release|x64
		{F332E7E9-92A6-4D4A-9E97-9F5223FA447B}.Release|Any CPU.Build.0 = Release|x64
		{F332E7E9-92A6-4D4A-9E97-9F5223FA447B}.Release|x64.ActiveCfg = Release|x64
		{F332E7E9-92A6-4D4A-9E97-9F5223FA447B}.Release|x64.Build.0 = Release|x64
		{F332E7E9-92A6-4D4A-9E97-9F5223FA447B}.Release|x86.ActiveCfg = Release|Win32
		{F332E7E9-92A6-4D4A-9E97-9F5223FA447B}.Release|x86.Build.0 = Release|Win32
		{4F98ED09-90EF-4DF5-BA3E-8B273651A2D9}.Debug|Any CPU.ActiveCfg = Debug|x64
		{4F98ED09-90EF-4DF5-BA3E-8B273651A2D9}.Debug|Any CPU.Build.0 = Debug|x64
		{4F98ED09-90EF-4DF5-BA3E-8B273651A2D9}.Debug|x64.ActiveCfg = Debug|x64
		{4F98ED09-90EF-4DF5-BA3E-8B273651A2D9}.Debug|x64.Build.0 = Debug|x64
		{4F98ED09-90EF-4DF5-BA3E-8B273651A2D9}.Debug|x86.ActiveCfg = Debug|Win32
		{4F98ED09-90EF-4DF5-BA3E-8B273651A2D9}.Debug|x86.Build.0 = Debug|Win32
		{4F98ED09-90EF-4DF5-BA3E-8B273651A2D9}.Release|Any CPU.ActiveCfg = Release|x64
		{4F98ED09-90EF-4DF5-BA3E-8B273651A2D9}.Release|Any CPU.Build.0 = Release|x64
		{4F98ED09-90EF-4DF5-BA3E-8B273651A2D9}.Release|x64.ActiveCfg = Release|x64
		{4F98ED09-90EF-4DF5-BA3E-8B273651A2D9}.Release|x64.Build.0 = Release|x64
		{4F98ED09-90EF-4DF5-BA3E-8B273651A2D9}.Release|x86.ActiveCfg = Release|Win32
		{4F98ED09-90EF-4DF5-BA3E-8B273651A2D9}.Release|x86.Build.0 = Release|Win32
		{86AACF8D-2DC2-443A-863F-92D17BCB8F95}.Debug|Any CPU.ActiveCfg = Debug|x64
		{86AACF8D-2DC2-443A-863F-92D17BCB8F95}.Debug|Any CPU.Build.0 = Debug|x64
		{86AACF8D-2DC2-443A-863F-92D17BCB8F95}.Debug|x64.ActiveCfg = Debug|x64
		{86AACF8D-2DC2-443A-863F-92D17BCB8F95}.Debug|x64.Build.0 = Debug|x64
		{86AACF8D-2DC2-443A-863F-92D17BCB8F95}.Debug|x86.ActiveCfg = Debug|Win32
		{86AACF8D-2DC2-443A-863F-92D17BCB8F95}.Debug|x86.Build.0 = Debug|Win32
		{86AACF8D-2DC2-443A-863F-92D17BCB8F95}.Release|Any CPU.ActiveCfg = Release|x64
		{86AACF8D-2DC2-443A-863F-92D17BCB8F95}.Release|Any CPU.Build.0 = Release|x64
		{86AACF8D-2DC2-443A-863F-92D17BCB8F95}.Release|x64.ActiveCfg = Release|x64
		{86AACF8D-2DC2-443A-863F-92D17BCB8F95}.Release|x64.Build.0 = Release|x64
		{86AACF8D-2DC2-443A-863F-92D17BCB8F95}.Release|x86.ActiveCfg = Release|Win32
		{86AACF8D-2DC2-443A-863F-92D17BCB8F95}.Release|x86.Build.0 = Release|Win32
		{94986CC1-B371-4E94-8CC0-BDDF1BE3ECBA}.Debug|Any CPU.ActiveCfg = Debug|x64
		{94986CC1-B371-4E94-8CC0-BDDF1BE3ECBA}.Debug|Any CPU.Build.0 = Debug|x64
		{94986CC1-B371-4E94-8CC0-BDDF1BE3ECBA}.Debug|x64.ActiveCfg = Debug|x64
		{94986CC1-B371-4E94-8CC0-BDDF1BE3ECBA}.Debug|x64.Build.0 = Debug|x64
		{94986CC1-B371-4E94-8CC0-BDDF1BE3ECBA}.Debug|x86.ActiveCfg = Debug|Win32
		{94986CC1-B371-4E94-8CC0-BDDF1BE3ECBA}.Debug|x86.Build.0 = Debug|Win32
		{94986CC1-B371-4E94-8CC0-BDDF1BE3ECBA}.Release|Any CPU.ActiveCfg = Release|x64
		{94986CC1-B371-4E94-8CC0-BDDF1BE3ECBA}.Release|Any CPU.Build.0 = Release|x64
		{94986CC1-B371-4E94-8CC0-BDDF1BE3ECBA}.Release|x64.ActiveCfg = Release|x64
		{94986CC1-B371-4E94-8CC0-BDDF1BE3ECBA}.Release|x64.Build.0 = Release|x64
		{94986CC1-B371-4E94-8CC0-BDDF1BE3ECBA}.Release|x86.ActiveCfg = Release|Win32
		{94986CC1-B371-4E94-8CC0-BDDF1BE3ECBA}.Release|x86.Build.0 = Release|Win32
		{99A38FFE-F873-4E5C-835A-19A4A30A134E}.Debug|Any CPU.ActiveCfg = Debug|x64
		{99A38FFE-F873-4E5C-835A-19A4A30A134E}.Debug|Any CPU.Build.0 = Debug|x64
		{99A38FFE-F873-4E5C-835A-19A4A30A134E}.Debug|x64.ActiveCfg = Debug|x64
		{99A38FFE-F873-4E5C-835A-19A4A30A134E}.Debug|x64.Build.0 = Debug|x64
		{99A38FFE-F873-4E5C-835A-19A4A30A134E}.Debug|x86.ActiveCfg = Debug|Win32
		{99A38FFE-F873-4E5C-835A-19A4A30A134E}.Debug|x86.Build.0 = Debug|Win32
		{99A38FFE-F873-4E5C-835A-19A4A30A134E}.Release|Any CPU.ActiveCfg = Release|x64
		{99A38FFE-F873-4E5C-835A-19A4A30A134E}.Release|Any CPU.Build.0 = Release|x64
		{99A38FFE-F873-4E5C-835A-19A4A30A134E}.Release|x64.ActiveCfg = Release|x64
		{99A38FFE-F873-4E5C-835A-19A4A30A134E}.Release|x64.Build.0 = Release|x64
		{99A38FFE-F873-4E5C-835A-19A4A30A134E}.Release|x86.ActiveCfg = Release|Win32
		{99A38FFE-F873-4E5C-835A-19A4A30A134E}.Release|x86.Build.0 = Release|Win32
		{7A6D2DCE-F900-4CD9-A94C-7CC394BB01EE}.Debug|Any CPU.ActiveCfg = Debug|x64
		{7A6D2DCE-F900-4CD9-A94C-7CC394BB01EE}.Debug|Any CPU.Build.0 = Debug|x64
		{7A6D2DCE-F900-4CD9-A94C-7CC394BB01EE}.Debug|x64.ActiveCfg = Debug|x64
		{7A6D2DCE-F900-4CD9-A94C-7CC394BB01EE}.Debug|x64.Build.0 = Debug|x64
		{7A6D2DCE-F900-4CD9-A94C-7CC394BB01EE}.Debug|x86.ActiveCfg = Debug|Win32
		{7A6D2DCE-F900-4CD9-A94C-7CC394BB01EE}.Debug|x86.Build.0 = Debug|Win32
		{7A6D2DCE-F900-4CD9-A94C-7CC394BB01EE}.Release|Any CPU.ActiveCfg = Release|x64
		{7A6D2DCE-F900-4CD9-A94C-7CC394BB01EE}.Release|Any CPU.Build.0 = Release|x64
		{7A6D2DCE-F900-4CD9-A94C-7CC394BB01EE}.Release|x64.ActiveCfg = Release|x64
		{7A6D2DCE-F900-4CD9-A94C-7CC394BB01EE}.Release|x64.Build.0 = Release|x64
		{7A6D2DCE-F900-4CD9-A94C-7CC394BB01EE}.Release|x86.ActiveCfg = Release|Win32
		{7A6D2DCE-F900-4CD9-A94C-7CC394BB01EE}.Release|x86.Build.0 = Release|Win32
		{99D73022-082D-4488-AC7B-09A4031E028F}.Debug|Any CPU.ActiveCfg = Debug|x64
		{99D73022-082D-4488-AC7B-09A4031E028F}.Debug|Any CPU.Build.0 = Debug|x64
		{99D73022-082D-4488-AC7B-09A4031E028F}.Debug|x64.ActiveCfg = Debug|x64
		{99D73022-082D-4488-AC7B-09A4031E028F}.Debug|x64.Build.0 = Debug|x64
		{99D73022-082D-4488-AC7B-09A4031E028F}.Debug|x86.ActiveCfg = Debug|Win32
		{99D73022-082D-4488-AC7B-09A4031E028F}.Debug|x86.Build.0 = Debug|Win32
		{99D73022-082D-4488-AC7B-09A4031E028F}.Release|Any CPU.ActiveCfg = Release|x64
		{99D73022-082D-4488-AC7B-09A4031E028F}.Release|Any CPU.Build.0 = Release|x64
		{99D73022-082D-4488-AC7B-09A4031E028F}.Release|x64.ActiveCfg = Release|x64
		{99D73022-082D-4488-AC7B-09A4031E028F}.Release|x64.Build.0 = Release|x64
		{99D73022-082D-4488-AC7B-09A4031E028F}.Release|x86.ActiveCfg = Release|Win32
		{99D73022-082D-4488-AC7B-09A4031E028F}.Release|x86.Build.0 = Release|Win32
		{345D3EEE-8BA2-4D7C-AF1A-20F7F20DFE7E}.Debug|Any CPU.ActiveCfg = Debug|x64
		{345D3EEE-8BA2-4D7C-AF1A-20F7F20DFE7E}.Debug|Any CPU.Build.0 = Debug|x64
		{345D3EEE-8BA2-4D7C-AF1A-20F7F20DFE7E}.Debug|x64.ActiveCfg = Debug|x64
		{345D3EEE-8BA2-4D7C-AF1A-20F7F20DFE7E}.Debug|x64.Build.0 = Debug|x64
		{345D3EEE-8BA2-4D7C-AF1A-20F7F20DFE7E}.Debug|x86.ActiveCfg = Debug|Win32
		{345D3EEE-8BA2-4D7C-AF1A-20F7F20DFE7E}.Debug|x86.Build.0 = Debug|Win32
		{345D3EEE-8BA2-4D7C-AF1A-20F7F20DFE7E}.Release|Any CPU.ActiveCfg = Release|x64
		{345D3EEE-8BA2-4D7C-AF1A-20F7F20DFE7E}.Release|Any CPU.Build.0 = Release|x64
		{345D3EEE-8BA2-4D7C-AF1A-20F7F20DFE7E}.Release|x64.ActiveCfg = Release|x64
		{345D3EEE-8BA2-4D7C-AF1A-20F7F20DFE7E}.Release|x64.Build.0 = Release|x64
		{345D3EEE-8BA2-4D7C-AF1A-20F7F20DFE7E}.Release|x86.ActiveCfg = Release|Win32
		{345D3EEE-8BA2-4D7C-AF1A-20F7F20DFE7E}.Release|x86.Build.0 = Release|Win32
		{6087D5AA-C8AB-4014-BEEF-4CFEB1215649}.Debug|Any CPU.ActiveCfg = Debug|x64
		{6087D5AA-C8AB-4014-BEEF-4CFEB1215649}.Debug|Any CPU.Build.0 = Debug|x64
		{6087D5AA-C8AB-4014-BEEF-4CFEB1215649}.Debug|x64.ActiveCfg = Debug|x64
		{6087D5AA-C8AB-4014-BEEF-4CFEB1215649}.Debug|x64.Build.0 = Debug|x64
		{6087D5AA-C8AB-4014-BEEF-4CFEB1215649}.Debug|x86.ActiveCfg = Debug|Win32
		{6087D5AA-C8AB-4014-BEEF-4CFEB1215649}.Debug|x86.Build.0 = Debug|Win32
		{6087D5AA-C8AB-4014-BEEF-4CFEB1215649}.Release|Any CPU.ActiveCfg = Release|x64
		{6087D5AA-C8AB-4014-BEEF-4CFEB1215649}.Release|Any CPU.Build.0 = Release|x64
		{6087D5AA-C8AB-4014-BEEF-4CFEB1215649}.Release|x64.ActiveCfg = Release|x64
		{6087D5AA-C8AB-4014-BEEF-4CFEB1215649}.Release|x64.Build.0 = Release|x64
		{6087D5AA-C8AB-4014-BEEF-4CFEB1215649}.Release|x86.ActiveCfg = Release|Win32
		{6087D5AA-C8AB-4014-BEEF-4CFEB1215649}.Release|x86.Build.0 = Release|Win32
	EndGlobalSection
	GlobalSection(SolutionProperties) = preSolution
		HideSolutionNode = FALSE
	EndGlobalSection
	GlobalSection(NestedProjects) = preSolution
		{CA086EF4-011F-46AA-AB18-9B2E72149CB8} = {D9FA0CA2-448D-4BFC-AE7F-4E2C6DF81344}
		{4117F226-7AB7-4291-A23D-0FF71B044344} = {D9FA0CA2-448D-4BFC-AE7F-4E2C6DF81344}
		{8BFBDB1D-88A7-4855-8EB5-6ECAAB18BAF4} = {D9FA0CA2-448D-4BFC-AE7F-4E2C6DF81344}
		{3D0D5078-6FEE-4D27-9DD0-FFDCA4CD3460} = {D9FA0CA2-448D-4BFC-AE7F-4E2C6DF81344}
		{AA315C42-1FFB-4E61-B451-16268FCF0DB9} = {D9FA0CA2-448D-4BFC-AE7F-4E2C6DF81344}
		{CDD33125-8B2C-4350-9CAA-2DC252659001} = {D9FA0CA2-448D-4BFC-AE7F-4E2C6DF81344}
		{126703D3-7A94-4FCE-BF60-A3E224F1088C} = {D9FA0CA2-448D-4BFC-AE7F-4E2C6DF81344}
		{59D6DBFF-E7F3-455F-A13C-BA0ABDD6910B} = {D9FA0CA2-448D-4BFC-AE7F-4E2C6DF81344}
		{23A7236F-1CB5-41C0-97FD-03D3FC32E173} = {D9FA0CA2-448D-4BFC-AE7F-4E2C6DF81344}
		{0CACDE65-2836-4214-8A36-B31492CF5F4F} = {54A9C33C-7BC3-438E-8B3D-BE1E0BBCD64C}
		{1D85A960-77CC-4AD6-AF76-2A876C630921} = {54A9C33C-7BC3-438E-8B3D-BE1E0BBCD64C}
		{CAEDD82D-783B-4580-BE4C-BEC14CCA33F7} = {54A9C33C-7BC3-438E-8B3D-BE1E0BBCD64C}
		{7F753AB9-91AB-4006-9572-CA568B188358} = {54A9C33C-7BC3-438E-8B3D-BE1E0BBCD64C}
		{E5C4CAE5-D314-4EAE-A6C5-2294418EB567} = {D9FA0CA2-448D-4BFC-AE7F-4E2C6DF81344}
		{DF3BCF59-1294-4154-983C-9F39C7D3618F} = {D9FA0CA2-448D-4BFC-AE7F-4E2C6DF81344}
		{99FEE266-AD66-4056-9F05-07D0BF89D3CE} = {D9FA0CA2-448D-4BFC-AE7F-4E2C6DF81344}
		{0910ECDE-3469-45F2-8B72-C05A2DAE49A7} = {D9FA0CA2-448D-4BFC-AE7F-4E2C6DF81344}
		{1E5B4F1B-321A-43FB-AD71-F4BBF1DA4A99} = {D9FA0CA2-448D-4BFC-AE7F-4E2C6DF81344}
		{6BA32655-6680-4A04-8451-0F548B7FE544} = {E1A6BECF-ACE7-4015-91E3-F9E9E5BBD09C}
		{A880F7DF-350C-401A-8B41-9202B81A42CB} = {E1A6BECF-ACE7-4015-91E3-F9E9E5BBD09C}
		{B2A46174-9CD0-453F-870A-40256D41B134} = {E1A6BECF-ACE7-4015-91E3-F9E9E5BBD09C}
		{D178A5DF-22BE-45B1-BDE2-2F09E6037D66} = {E1A6BECF-ACE7-4015-91E3-F9E9E5BBD09C}
		{9088BD42-8BBC-4DA2-9435-5AA80CDDEE50} = {5FD56334-ECA1-45FE-9A59-0720052299E3}
		{90E31530-A143-43B7-8231-00AC86CDEA87} = {CA67B524-90C2-4DBF-A2C0-26731B15A5AA}
		{561C56C1-03A5-4D7F-A9FB-3DE80BC7A6D7} = {6A1F46E6-F9B4-4D84-84DA-C9011D0D8BC0}
		{7A1E23FE-4862-417B-85B8-282EBABD2959} = {CA67B524-90C2-4DBF-A2C0-26731B15A5AA}
		{1E0F1467-B0CF-4320-A486-8CA6FC7661E0} = {CA67B524-90C2-4DBF-A2C0-26731B15A5AA}
		{7C4F25FD-70C5-42C6-96AE-0C00D8C54B9F} = {CA67B524-90C2-4DBF-A2C0-26731B15A5AA}
		{F4B34855-E373-4DBE-AF1B-4474FFE269E4} = {F2DE2215-59A4-4311-8FBA-5F1E092548D0}
		{F2DE2215-59A4-4311-8FBA-5F1E092548D0} = {6A1F46E6-F9B4-4D84-84DA-C9011D0D8BC0}
		{CA67B524-90C2-4DBF-A2C0-26731B15A5AA} = {6A1F46E6-F9B4-4D84-84DA-C9011D0D8BC0}
		{B0ABA77C-92CB-4616-A869-208CA67F0300} = {F2DE2215-59A4-4311-8FBA-5F1E092548D0}
		{E4627CD7-37C7-48E3-8797-5260A394D9A5} = {F2DE2215-59A4-4311-8FBA-5F1E092548D0}
		{20969390-4CC9-47FB-9B9A-6261B91B2D71} = {F2DE2215-59A4-4311-8FBA-5F1E092548D0}
		{9F96C1FC-74DA-45CC-A0FC-1FBD47DD0A9C} = {F2DE2215-59A4-4311-8FBA-5F1E092548D0}
		{7D353777-E13A-474F-9818-0BC355A4321D} = {FCE68130-34E4-4BC1-BED7-C6692A88FBB3}
		{F332E7E9-92A6-4D4A-9E97-9F5223FA447B} = {F2DE2215-59A4-4311-8FBA-5F1E092548D0}
		{4F98ED09-90EF-4DF5-BA3E-8B273651A2D9} = {F2DE2215-59A4-4311-8FBA-5F1E092548D0}
		{86AACF8D-2DC2-443A-863F-92D17BCB8F95} = {F2DE2215-59A4-4311-8FBA-5F1E092548D0}
		{94986CC1-B371-4E94-8CC0-BDDF1BE3ECBA} = {F2DE2215-59A4-4311-8FBA-5F1E092548D0}
		{99A38FFE-F873-4E5C-835A-19A4A30A134E} = {F2DE2215-59A4-4311-8FBA-5F1E092548D0}
		{7A6D2DCE-F900-4CD9-A94C-7CC394BB01EE} = {F2DE2215-59A4-4311-8FBA-5F1E092548D0}
		{99D73022-082D-4488-AC7B-09A4031E028F} = {F2DE2215-59A4-4311-8FBA-5F1E092548D0}
		{345D3EEE-8BA2-4D7C-AF1A-20F7F20DFE7E} = {F2DE2215-59A4-4311-8FBA-5F1E092548D0}
		{6087D5AA-C8AB-4014-BEEF-4CFEB1215649} = {F2DE2215-59A4-4311-8FBA-5F1E092548D0}
	EndGlobalSection
	GlobalSection(ExtensibilityGlobals) = postSolution
		SolutionGuid = {B33EF156-F89C-4A18-9E15-045FBB883EF9}
	EndGlobalSection
EndGlobal
